// !$*UTF8*$!
{
	archiveVersion = 1;
	classes = {
	};
	objectVersion = 50;
	objects = {

/* Begin PBXBuildFile section */
		81E0BBC925D1CE5F00265168 /* AppDelegate.swift in Sources */ = {isa = PBXBuildFile; fileRef = 81E0BBC825D1CE5F00265168 /* AppDelegate.swift */; };
		81E0BBCB25D1CE5F00265168 /* SceneDelegate.swift in Sources */ = {isa = PBXBuildFile; fileRef = 81E0BBCA25D1CE5F00265168 /* SceneDelegate.swift */; };
		81E0BBCD25D1CE5F00265168 /* ContentView.swift in Sources */ = {isa = PBXBuildFile; fileRef = 81E0BBCC25D1CE5F00265168 /* ContentView.swift */; };
		81E0BBCF25D1CE6100265168 /* Assets.xcassets in Resources */ = {isa = PBXBuildFile; fileRef = 81E0BBCE25D1CE6100265168 /* Assets.xcassets */; };
		81E0BBD225D1CE6100265168 /* Preview Assets.xcassets in Resources */ = {isa = PBXBuildFile; fileRef = 81E0BBD125D1CE6100265168 /* Preview Assets.xcassets */; };
		81E0BBD525D1CE6100265168 /* LaunchScreen.storyboard in Resources */ = {isa = PBXBuildFile; fileRef = 81E0BBD325D1CE6100265168 /* LaunchScreen.storyboard */; };
		81E0BBE025D1CE6100265168 /* Todus_SwiftyChatTests.swift in Sources */ = {isa = PBXBuildFile; fileRef = 81E0BBDF25D1CE6100265168 /* Todus_SwiftyChatTests.swift */; };
		81E0BBEB25D1CE6200265168 /* Todus_SwiftyChatUITests.swift in Sources */ = {isa = PBXBuildFile; fileRef = 81E0BBEA25D1CE6200265168 /* Todus_SwiftyChatUITests.swift */; };
/* End PBXBuildFile section */

/* Begin PBXContainerItemProxy section */
		81E0BBDC25D1CE6100265168 /* PBXContainerItemProxy */ = {
			isa = PBXContainerItemProxy;
			containerPortal = 81E0BBBD25D1CE5F00265168 /* Project object */;
			proxyType = 1;
			remoteGlobalIDString = 81E0BBC425D1CE5F00265168;
			remoteInfo = "Todus-SwiftyChat";
		};
		81E0BBE725D1CE6200265168 /* PBXContainerItemProxy */ = {
			isa = PBXContainerItemProxy;
			containerPortal = 81E0BBBD25D1CE5F00265168 /* Project object */;
			proxyType = 1;
			remoteGlobalIDString = 81E0BBC425D1CE5F00265168;
			remoteInfo = "Todus-SwiftyChat";
		};
/* End PBXContainerItemProxy section */

/* Begin PBXFileReference section */
		81E0BBC525D1CE5F00265168 /* Todus-SwiftyChat.app */ = {isa = PBXFileReference; explicitFileType = wrapper.application; includeInIndex = 0; path = "Todus-SwiftyChat.app"; sourceTree = BUILT_PRODUCTS_DIR; };
		81E0BBC825D1CE5F00265168 /* AppDelegate.swift */ = {isa = PBXFileReference; lastKnownFileType = sourcecode.swift; path = AppDelegate.swift; sourceTree = "<group>"; };
		81E0BBCA25D1CE5F00265168 /* SceneDelegate.swift */ = {isa = PBXFileReference; lastKnownFileType = sourcecode.swift; path = SceneDelegate.swift; sourceTree = "<group>"; };
		81E0BBCC25D1CE5F00265168 /* ContentView.swift */ = {isa = PBXFileReference; lastKnownFileType = sourcecode.swift; path = ContentView.swift; sourceTree = "<group>"; };
		81E0BBCE25D1CE6100265168 /* Assets.xcassets */ = {isa = PBXFileReference; lastKnownFileType = folder.assetcatalog; path = Assets.xcassets; sourceTree = "<group>"; };
		81E0BBD125D1CE6100265168 /* Preview Assets.xcassets */ = {isa = PBXFileReference; lastKnownFileType = folder.assetcatalog; path = "Preview Assets.xcassets"; sourceTree = "<group>"; };
		81E0BBD425D1CE6100265168 /* Base */ = {isa = PBXFileReference; lastKnownFileType = file.storyboard; name = Base; path = Base.lproj/LaunchScreen.storyboard; sourceTree = "<group>"; };
		81E0BBD625D1CE6100265168 /* Info.plist */ = {isa = PBXFileReference; lastKnownFileType = text.plist.xml; path = Info.plist; sourceTree = "<group>"; };
		81E0BBDB25D1CE6100265168 /* Todus-SwiftyChatTests.xctest */ = {isa = PBXFileReference; explicitFileType = wrapper.cfbundle; includeInIndex = 0; path = "Todus-SwiftyChatTests.xctest"; sourceTree = BUILT_PRODUCTS_DIR; };
		81E0BBDF25D1CE6100265168 /* Todus_SwiftyChatTests.swift */ = {isa = PBXFileReference; lastKnownFileType = sourcecode.swift; path = Todus_SwiftyChatTests.swift; sourceTree = "<group>"; };
		81E0BBE125D1CE6100265168 /* Info.plist */ = {isa = PBXFileReference; lastKnownFileType = text.plist.xml; path = Info.plist; sourceTree = "<group>"; };
		81E0BBE625D1CE6200265168 /* Todus-SwiftyChatUITests.xctest */ = {isa = PBXFileReference; explicitFileType = wrapper.cfbundle; includeInIndex = 0; path = "Todus-SwiftyChatUITests.xctest"; sourceTree = BUILT_PRODUCTS_DIR; };
		81E0BBEA25D1CE6200265168 /* Todus_SwiftyChatUITests.swift */ = {isa = PBXFileReference; lastKnownFileType = sourcecode.swift; path = Todus_SwiftyChatUITests.swift; sourceTree = "<group>"; };
		81E0BBEC25D1CE6200265168 /* Info.plist */ = {isa = PBXFileReference; lastKnownFileType = text.plist.xml; path = Info.plist; sourceTree = "<group>"; };
/* End PBXFileReference section */

/* Begin PBXFrameworksBuildPhase section */
		81E0BBC225D1CE5F00265168 /* Frameworks */ = {
			isa = PBXFrameworksBuildPhase;
			buildActionMask = 2147483647;
			files = (
			);
			runOnlyForDeploymentPostprocessing = 0;
		};
		81E0BBD825D1CE6100265168 /* Frameworks */ = {
			isa = PBXFrameworksBuildPhase;
			buildActionMask = 2147483647;
			files = (
			);
			runOnlyForDeploymentPostprocessing = 0;
		};
		81E0BBE325D1CE6200265168 /* Frameworks */ = {
			isa = PBXFrameworksBuildPhase;
			buildActionMask = 2147483647;
			files = (
			);
			runOnlyForDeploymentPostprocessing = 0;
		};
/* End PBXFrameworksBuildPhase section */

/* Begin PBXGroup section */
		81E0BBBC25D1CE5F00265168 = {
			isa = PBXGroup;
			children = (
				81E0BBC725D1CE5F00265168 /* Todus-SwiftyChat */,
				81E0BBDE25D1CE6100265168 /* Todus-SwiftyChatTests */,
				81E0BBE925D1CE6200265168 /* Todus-SwiftyChatUITests */,
				81E0BBC625D1CE5F00265168 /* Products */,
			);
			sourceTree = "<group>";
		};
		81E0BBC625D1CE5F00265168 /* Products */ = {
			isa = PBXGroup;
			children = (
				81E0BBC525D1CE5F00265168 /* Todus-SwiftyChat.app */,
				81E0BBDB25D1CE6100265168 /* Todus-SwiftyChatTests.xctest */,
				81E0BBE625D1CE6200265168 /* Todus-SwiftyChatUITests.xctest */,
			);
			name = Products;
			sourceTree = "<group>";
		};
		81E0BBC725D1CE5F00265168 /* Todus-SwiftyChat */ = {
			isa = PBXGroup;
			children = (
				81E0BBC825D1CE5F00265168 /* AppDelegate.swift */,
				81E0BBCA25D1CE5F00265168 /* SceneDelegate.swift */,
				81E0BBCC25D1CE5F00265168 /* ContentView.swift */,
				81E0BBCE25D1CE6100265168 /* Assets.xcassets */,
				81E0BBD325D1CE6100265168 /* LaunchScreen.storyboard */,
				81E0BBD625D1CE6100265168 /* Info.plist */,
				81E0BBD025D1CE6100265168 /* Preview Content */,
			);
			path = "Todus-SwiftyChat";
			sourceTree = "<group>";
		};
		81E0BBD025D1CE6100265168 /* Preview Content */ = {
			isa = PBXGroup;
			children = (
				81E0BBD125D1CE6100265168 /* Preview Assets.xcassets */,
			);
			path = "Preview Content";
			sourceTree = "<group>";
		};
		81E0BBDE25D1CE6100265168 /* Todus-SwiftyChatTests */ = {
			isa = PBXGroup;
			children = (
				81E0BBDF25D1CE6100265168 /* Todus_SwiftyChatTests.swift */,
				81E0BBE125D1CE6100265168 /* Info.plist */,
			);
			path = "Todus-SwiftyChatTests";
			sourceTree = "<group>";
		};
		81E0BBE925D1CE6200265168 /* Todus-SwiftyChatUITests */ = {
			isa = PBXGroup;
			children = (
				81E0BBEA25D1CE6200265168 /* Todus_SwiftyChatUITests.swift */,
				81E0BBEC25D1CE6200265168 /* Info.plist */,
			);
			path = "Todus-SwiftyChatUITests";
			sourceTree = "<group>";
		};
/* End PBXGroup section */

/* Begin PBXNativeTarget section */
		81E0BBC425D1CE5F00265168 /* Todus-SwiftyChat */ = {
			isa = PBXNativeTarget;
			buildConfigurationList = 81E0BBEF25D1CE6200265168 /* Build configuration list for PBXNativeTarget "Todus-SwiftyChat" */;
			buildPhases = (
				81E0BBC125D1CE5F00265168 /* Sources */,
				81E0BBC225D1CE5F00265168 /* Frameworks */,
				81E0BBC325D1CE5F00265168 /* Resources */,
			);
			buildRules = (
			);
			dependencies = (
			);
			name = "Todus-SwiftyChat";
			productName = "Todus-SwiftyChat";
			productReference = 81E0BBC525D1CE5F00265168 /* Todus-SwiftyChat.app */;
			productType = "com.apple.product-type.application";
		};
		81E0BBDA25D1CE6100265168 /* Todus-SwiftyChatTests */ = {
			isa = PBXNativeTarget;
			buildConfigurationList = 81E0BBF225D1CE6200265168 /* Build configuration list for PBXNativeTarget "Todus-SwiftyChatTests" */;
			buildPhases = (
				81E0BBD725D1CE6100265168 /* Sources */,
				81E0BBD825D1CE6100265168 /* Frameworks */,
				81E0BBD925D1CE6100265168 /* Resources */,
			);
			buildRules = (
			);
			dependencies = (
				81E0BBDD25D1CE6100265168 /* PBXTargetDependency */,
			);
			name = "Todus-SwiftyChatTests";
			productName = "Todus-SwiftyChatTests";
			productReference = 81E0BBDB25D1CE6100265168 /* Todus-SwiftyChatTests.xctest */;
			productType = "com.apple.product-type.bundle.unit-test";
		};
		81E0BBE525D1CE6200265168 /* Todus-SwiftyChatUITests */ = {
			isa = PBXNativeTarget;
			buildConfigurationList = 81E0BBF525D1CE6200265168 /* Build configuration list for PBXNativeTarget "Todus-SwiftyChatUITests" */;
			buildPhases = (
				81E0BBE225D1CE6200265168 /* Sources */,
				81E0BBE325D1CE6200265168 /* Frameworks */,
				81E0BBE425D1CE6200265168 /* Resources */,
			);
			buildRules = (
			);
			dependencies = (
				81E0BBE825D1CE6200265168 /* PBXTargetDependency */,
			);
			name = "Todus-SwiftyChatUITests";
			productName = "Todus-SwiftyChatUITests";
			productReference = 81E0BBE625D1CE6200265168 /* Todus-SwiftyChatUITests.xctest */;
			productType = "com.apple.product-type.bundle.ui-testing";
		};
/* End PBXNativeTarget section */

/* Begin PBXProject section */
		81E0BBBD25D1CE5F00265168 /* Project object */ = {
			isa = PBXProject;
			attributes = {
				LastSwiftUpdateCheck = 1230;
				LastUpgradeCheck = 1230;
				TargetAttributes = {
					81E0BBC425D1CE5F00265168 = {
						CreatedOnToolsVersion = 12.3;
					};
					81E0BBDA25D1CE6100265168 = {
						CreatedOnToolsVersion = 12.3;
						TestTargetID = 81E0BBC425D1CE5F00265168;
					};
					81E0BBE525D1CE6200265168 = {
						CreatedOnToolsVersion = 12.3;
						TestTargetID = 81E0BBC425D1CE5F00265168;
					};
				};
			};
			buildConfigurationList = 81E0BBC025D1CE5F00265168 /* Build configuration list for PBXProject "Todus-SwiftyChat" */;
			compatibilityVersion = "Xcode 9.3";
			developmentRegion = en;
			hasScannedForEncodings = 0;
			knownRegions = (
				en,
				Base,
			);
			mainGroup = 81E0BBBC25D1CE5F00265168;
			productRefGroup = 81E0BBC625D1CE5F00265168 /* Products */;
			projectDirPath = "";
			projectRoot = "";
			targets = (
				81E0BBC425D1CE5F00265168 /* Todus-SwiftyChat */,
				81E0BBDA25D1CE6100265168 /* Todus-SwiftyChatTests */,
				81E0BBE525D1CE6200265168 /* Todus-SwiftyChatUITests */,
			);
		};
/* End PBXProject section */

/* Begin PBXResourcesBuildPhase section */
		81E0BBC325D1CE5F00265168 /* Resources */ = {
			isa = PBXResourcesBuildPhase;
			buildActionMask = 2147483647;
			files = (
				81E0BBD525D1CE6100265168 /* LaunchScreen.storyboard in Resources */,
				81E0BBD225D1CE6100265168 /* Preview Assets.xcassets in Resources */,
				81E0BBCF25D1CE6100265168 /* Assets.xcassets in Resources */,
			);
			runOnlyForDeploymentPostprocessing = 0;
		};
		81E0BBD925D1CE6100265168 /* Resources */ = {
			isa = PBXResourcesBuildPhase;
			buildActionMask = 2147483647;
			files = (
			);
			runOnlyForDeploymentPostprocessing = 0;
		};
		81E0BBE425D1CE6200265168 /* Resources */ = {
			isa = PBXResourcesBuildPhase;
			buildActionMask = 2147483647;
			files = (
			);
			runOnlyForDeploymentPostprocessing = 0;
		};
/* End PBXResourcesBuildPhase section */

/* Begin PBXSourcesBuildPhase section */
		81E0BBC125D1CE5F00265168 /* Sources */ = {
			isa = PBXSourcesBuildPhase;
			buildActionMask = 2147483647;
			files = (
				81E0BBC925D1CE5F00265168 /* AppDelegate.swift in Sources */,
				81E0BBCB25D1CE5F00265168 /* SceneDelegate.swift in Sources */,
				81E0BBCD25D1CE5F00265168 /* ContentView.swift in Sources */,
			);
			runOnlyForDeploymentPostprocessing = 0;
		};
		81E0BBD725D1CE6100265168 /* Sources */ = {
			isa = PBXSourcesBuildPhase;
			buildActionMask = 2147483647;
			files = (
				81E0BBE025D1CE6100265168 /* Todus_SwiftyChatTests.swift in Sources */,
			);
			runOnlyForDeploymentPostprocessing = 0;
		};
		81E0BBE225D1CE6200265168 /* Sources */ = {
			isa = PBXSourcesBuildPhase;
			buildActionMask = 2147483647;
			files = (
				81E0BBEB25D1CE6200265168 /* Todus_SwiftyChatUITests.swift in Sources */,
			);
			runOnlyForDeploymentPostprocessing = 0;
		};
/* End PBXSourcesBuildPhase section */

/* Begin PBXTargetDependency section */
		81E0BBDD25D1CE6100265168 /* PBXTargetDependency */ = {
			isa = PBXTargetDependency;
			target = 81E0BBC425D1CE5F00265168 /* Todus-SwiftyChat */;
			targetProxy = 81E0BBDC25D1CE6100265168 /* PBXContainerItemProxy */;
		};
		81E0BBE825D1CE6200265168 /* PBXTargetDependency */ = {
			isa = PBXTargetDependency;
			target = 81E0BBC425D1CE5F00265168 /* Todus-SwiftyChat */;
			targetProxy = 81E0BBE725D1CE6200265168 /* PBXContainerItemProxy */;
		};
/* End PBXTargetDependency section */

/* Begin PBXVariantGroup section */
		81E0BBD325D1CE6100265168 /* LaunchScreen.storyboard */ = {
			isa = PBXVariantGroup;
			children = (
				81E0BBD425D1CE6100265168 /* Base */,
			);
			name = LaunchScreen.storyboard;
			sourceTree = "<group>";
		};
/* End PBXVariantGroup section */

/* Begin XCBuildConfiguration section */
		81E0BBED25D1CE6200265168 /* Debug */ = {
			isa = XCBuildConfiguration;
			buildSettings = {
				ALWAYS_SEARCH_USER_PATHS = NO;
				CLANG_ANALYZER_NONNULL = YES;
				CLANG_ANALYZER_NUMBER_OBJECT_CONVERSION = YES_AGGRESSIVE;
				CLANG_CXX_LANGUAGE_STANDARD = "gnu++14";
				CLANG_CXX_LIBRARY = "libc++";
				CLANG_ENABLE_MODULES = YES;
				CLANG_ENABLE_OBJC_ARC = YES;
				CLANG_ENABLE_OBJC_WEAK = YES;
				CLANG_WARN_BLOCK_CAPTURE_AUTORELEASING = YES;
				CLANG_WARN_BOOL_CONVERSION = YES;
				CLANG_WARN_COMMA = YES;
				CLANG_WARN_CONSTANT_CONVERSION = YES;
				CLANG_WARN_DEPRECATED_OBJC_IMPLEMENTATIONS = YES;
				CLANG_WARN_DIRECT_OBJC_ISA_USAGE = YES_ERROR;
				CLANG_WARN_DOCUMENTATION_COMMENTS = YES;
				CLANG_WARN_EMPTY_BODY = YES;
				CLANG_WARN_ENUM_CONVERSION = YES;
				CLANG_WARN_INFINITE_RECURSION = YES;
				CLANG_WARN_INT_CONVERSION = YES;
				CLANG_WARN_NON_LITERAL_NULL_CONVERSION = YES;
				CLANG_WARN_OBJC_IMPLICIT_RETAIN_SELF = YES;
				CLANG_WARN_OBJC_LITERAL_CONVERSION = YES;
				CLANG_WARN_OBJC_ROOT_CLASS = YES_ERROR;
				CLANG_WARN_QUOTED_INCLUDE_IN_FRAMEWORK_HEADER = YES;
				CLANG_WARN_RANGE_LOOP_ANALYSIS = YES;
				CLANG_WARN_STRICT_PROTOTYPES = YES;
				CLANG_WARN_SUSPICIOUS_MOVE = YES;
				CLANG_WARN_UNGUARDED_AVAILABILITY = YES_AGGRESSIVE;
				CLANG_WARN_UNREACHABLE_CODE = YES;
				CLANG_WARN__DUPLICATE_METHOD_MATCH = YES;
				COPY_PHASE_STRIP = NO;
				DEBUG_INFORMATION_FORMAT = dwarf;
				ENABLE_STRICT_OBJC_MSGSEND = YES;
				ENABLE_TESTABILITY = YES;
				GCC_C_LANGUAGE_STANDARD = gnu11;
				GCC_DYNAMIC_NO_PIC = NO;
				GCC_NO_COMMON_BLOCKS = YES;
				GCC_OPTIMIZATION_LEVEL = 0;
				GCC_PREPROCESSOR_DEFINITIONS = (
					"DEBUG=1",
					"$(inherited)",
				);
				GCC_WARN_64_TO_32_BIT_CONVERSION = YES;
				GCC_WARN_ABOUT_RETURN_TYPE = YES_ERROR;
				GCC_WARN_UNDECLARED_SELECTOR = YES;
				GCC_WARN_UNINITIALIZED_AUTOS = YES_AGGRESSIVE;
				GCC_WARN_UNUSED_FUNCTION = YES;
				GCC_WARN_UNUSED_VARIABLE = YES;
				IPHONEOS_DEPLOYMENT_TARGET = 14.3;
				MTL_ENABLE_DEBUG_INFO = INCLUDE_SOURCE;
				MTL_FAST_MATH = YES;
				ONLY_ACTIVE_ARCH = YES;
				SDKROOT = iphoneos;
				SWIFT_ACTIVE_COMPILATION_CONDITIONS = DEBUG;
				SWIFT_OPTIMIZATION_LEVEL = "-Onone";
			};
			name = Debug;
		};
		81E0BBEE25D1CE6200265168 /* Release */ = {
			isa = XCBuildConfiguration;
			buildSettings = {
				ALWAYS_SEARCH_USER_PATHS = NO;
				CLANG_ANALYZER_NONNULL = YES;
				CLANG_ANALYZER_NUMBER_OBJECT_CONVERSION = YES_AGGRESSIVE;
				CLANG_CXX_LANGUAGE_STANDARD = "gnu++14";
				CLANG_CXX_LIBRARY = "libc++";
				CLANG_ENABLE_MODULES = YES;
				CLANG_ENABLE_OBJC_ARC = YES;
				CLANG_ENABLE_OBJC_WEAK = YES;
				CLANG_WARN_BLOCK_CAPTURE_AUTORELEASING = YES;
				CLANG_WARN_BOOL_CONVERSION = YES;
				CLANG_WARN_COMMA = YES;
				CLANG_WARN_CONSTANT_CONVERSION = YES;
				CLANG_WARN_DEPRECATED_OBJC_IMPLEMENTATIONS = YES;
				CLANG_WARN_DIRECT_OBJC_ISA_USAGE = YES_ERROR;
				CLANG_WARN_DOCUMENTATION_COMMENTS = YES;
				CLANG_WARN_EMPTY_BODY = YES;
				CLANG_WARN_ENUM_CONVERSION = YES;
				CLANG_WARN_INFINITE_RECURSION = YES;
				CLANG_WARN_INT_CONVERSION = YES;
				CLANG_WARN_NON_LITERAL_NULL_CONVERSION = YES;
				CLANG_WARN_OBJC_IMPLICIT_RETAIN_SELF = YES;
				CLANG_WARN_OBJC_LITERAL_CONVERSION = YES;
				CLANG_WARN_OBJC_ROOT_CLASS = YES_ERROR;
				CLANG_WARN_QUOTED_INCLUDE_IN_FRAMEWORK_HEADER = YES;
				CLANG_WARN_RANGE_LOOP_ANALYSIS = YES;
				CLANG_WARN_STRICT_PROTOTYPES = YES;
				CLANG_WARN_SUSPICIOUS_MOVE = YES;
				CLANG_WARN_UNGUARDED_AVAILABILITY = YES_AGGRESSIVE;
				CLANG_WARN_UNREACHABLE_CODE = YES;
				CLANG_WARN__DUPLICATE_METHOD_MATCH = YES;
				COPY_PHASE_STRIP = NO;
				DEBUG_INFORMATION_FORMAT = "dwarf-with-dsym";
				ENABLE_NS_ASSERTIONS = NO;
				ENABLE_STRICT_OBJC_MSGSEND = YES;
				GCC_C_LANGUAGE_STANDARD = gnu11;
				GCC_NO_COMMON_BLOCKS = YES;
				GCC_WARN_64_TO_32_BIT_CONVERSION = YES;
				GCC_WARN_ABOUT_RETURN_TYPE = YES_ERROR;
				GCC_WARN_UNDECLARED_SELECTOR = YES;
				GCC_WARN_UNINITIALIZED_AUTOS = YES_AGGRESSIVE;
				GCC_WARN_UNUSED_FUNCTION = YES;
				GCC_WARN_UNUSED_VARIABLE = YES;
				IPHONEOS_DEPLOYMENT_TARGET = 14.3;
				MTL_ENABLE_DEBUG_INFO = NO;
				MTL_FAST_MATH = YES;
				SDKROOT = iphoneos;
				SWIFT_COMPILATION_MODE = wholemodule;
				SWIFT_OPTIMIZATION_LEVEL = "-O";
				VALIDATE_PRODUCT = YES;
			};
			name = Release;
		};
		81E0BBF025D1CE6200265168 /* Debug */ = {
			isa = XCBuildConfiguration;
			buildSettings = {
				ASSETCATALOG_COMPILER_APPICON_NAME = AppIcon;
				ASSETCATALOG_COMPILER_GLOBAL_ACCENT_COLOR_NAME = AccentColor;
				CODE_SIGN_STYLE = Automatic;
				DEVELOPMENT_ASSET_PATHS = "\"Todus-SwiftyChat/Preview Content\"";
				DEVELOPMENT_TEAM = X4R2V67R3F;
				ENABLE_PREVIEWS = YES;
				INFOPLIST_FILE = "Todus-SwiftyChat/Info.plist";
				LD_RUNPATH_SEARCH_PATHS = (
					"$(inherited)",
					"@executable_path/Frameworks",
				);
				PRODUCT_BUNDLE_IDENTIFIER = "com.ighost.Todus-SwiftyChat";
				PRODUCT_NAME = "$(TARGET_NAME)";
				SWIFT_VERSION = 5.0;
				TARGETED_DEVICE_FAMILY = "1,2";
			};
			name = Debug;
		};
		81E0BBF125D1CE6200265168 /* Release */ = {
			isa = XCBuildConfiguration;
			buildSettings = {
				ASSETCATALOG_COMPILER_APPICON_NAME = AppIcon;
				ASSETCATALOG_COMPILER_GLOBAL_ACCENT_COLOR_NAME = AccentColor;
				CODE_SIGN_STYLE = Automatic;
				DEVELOPMENT_ASSET_PATHS = "\"Todus-SwiftyChat/Preview Content\"";
				DEVELOPMENT_TEAM = X4R2V67R3F;
				ENABLE_PREVIEWS = YES;
				INFOPLIST_FILE = "Todus-SwiftyChat/Info.plist";
				LD_RUNPATH_SEARCH_PATHS = (
					"$(inherited)",
					"@executable_path/Frameworks",
				);
				PRODUCT_BUNDLE_IDENTIFIER = "com.ighost.Todus-SwiftyChat";
				PRODUCT_NAME = "$(TARGET_NAME)";
				SWIFT_VERSION = 5.0;
				TARGETED_DEVICE_FAMILY = "1,2";
			};
			name = Release;
		};
		81E0BBF325D1CE6200265168 /* Debug */ = {
			isa = XCBuildConfiguration;
			buildSettings = {
				ALWAYS_EMBED_SWIFT_STANDARD_LIBRARIES = YES;
				BUNDLE_LOADER = "$(TEST_HOST)";
				CODE_SIGN_STYLE = Automatic;
				DEVELOPMENT_TEAM = X4R2V67R3F;
				INFOPLIST_FILE = "Todus-SwiftyChatTests/Info.plist";
				IPHONEOS_DEPLOYMENT_TARGET = 14.3;
				LD_RUNPATH_SEARCH_PATHS = (
					"$(inherited)",
					"@executable_path/Frameworks",
					"@loader_path/Frameworks",
				);
				PRODUCT_BUNDLE_IDENTIFIER = "com.ighost.Todus-SwiftyChatTests";
				PRODUCT_NAME = "$(TARGET_NAME)";
				SWIFT_VERSION = 5.0;
				TARGETED_DEVICE_FAMILY = "1,2";
				TEST_HOST = "$(BUILT_PRODUCTS_DIR)/Todus-SwiftyChat.app/Todus-SwiftyChat";
			};
			name = Debug;
		};
		81E0BBF425D1CE6200265168 /* Release */ = {
			isa = XCBuildConfiguration;
			buildSettings = {
				ALWAYS_EMBED_SWIFT_STANDARD_LIBRARIES = YES;
				BUNDLE_LOADER = "$(TEST_HOST)";
				CODE_SIGN_STYLE = Automatic;
				DEVELOPMENT_TEAM = X4R2V67R3F;
				INFOPLIST_FILE = "Todus-SwiftyChatTests/Info.plist";
				IPHONEOS_DEPLOYMENT_TARGET = 14.3;
				LD_RUNPATH_SEARCH_PATHS = (
					"$(inherited)",
					"@executable_path/Frameworks",
					"@loader_path/Frameworks",
				);
				PRODUCT_BUNDLE_IDENTIFIER = "com.ighost.Todus-SwiftyChatTests";
				PRODUCT_NAME = "$(TARGET_NAME)";
				SWIFT_VERSION = 5.0;
				TARGETED_DEVICE_FAMILY = "1,2";
				TEST_HOST = "$(BUILT_PRODUCTS_DIR)/Todus-SwiftyChat.app/Todus-SwiftyChat";
			};
			name = Release;
		};
		81E0BBF625D1CE6200265168 /* Debug */ = {
			isa = XCBuildConfiguration;
			buildSettings = {
				ALWAYS_EMBED_SWIFT_STANDARD_LIBRARIES = YES;
				CODE_SIGN_STYLE = Automatic;
				DEVELOPMENT_TEAM = X4R2V67R3F;
				INFOPLIST_FILE = "Todus-SwiftyChatUITests/Info.plist";
				LD_RUNPATH_SEARCH_PATHS = (
					"$(inherited)",
					"@executable_path/Frameworks",
					"@loader_path/Frameworks",
				);
				PRODUCT_BUNDLE_IDENTIFIER = "com.ighost.Todus-SwiftyChatUITests";
				PRODUCT_NAME = "$(TARGET_NAME)";
				SWIFT_VERSION = 5.0;
				TARGETED_DEVICE_FAMILY = "1,2";
				TEST_TARGET_NAME = "Todus-SwiftyChat";
			};
			name = Debug;
		};
		81E0BBF725D1CE6200265168 /* Release */ = {
			isa = XCBuildConfiguration;
			buildSettings = {
				ALWAYS_EMBED_SWIFT_STANDARD_LIBRARIES = YES;
				CODE_SIGN_STYLE = Automatic;
				DEVELOPMENT_TEAM = X4R2V67R3F;
				INFOPLIST_FILE = "Todus-SwiftyChatUITests/Info.plist";
				LD_RUNPATH_SEARCH_PATHS = (
					"$(inherited)",
					"@executable_path/Frameworks",
					"@loader_path/Frameworks",
				);
				PRODUCT_BUNDLE_IDENTIFIER = "com.ighost.Todus-SwiftyChatUITests";
				PRODUCT_NAME = "$(TARGET_NAME)";
				SWIFT_VERSION = 5.0;
				TARGETED_DEVICE_FAMILY = "1,2";
				TEST_TARGET_NAME = "Todus-SwiftyChat";
			};
			name = Release;
		};
/* End XCBuildConfiguration section */

/* Begin XCConfigurationList section */
		81E0BBC025D1CE5F00265168 /* Build configuration list for PBXProject "Todus-SwiftyChat" */ = {
			isa = XCConfigurationList;
			buildConfigurations = (
				81E0BBED25D1CE6200265168 /* Debug */,
				81E0BBEE25D1CE6200265168 /* Release */,
			);
			defaultConfigurationIsVisible = 0;
			defaultConfigurationName = Release;
		};
		81E0BBEF25D1CE6200265168 /* Build configuration list for PBXNativeTarget "Todus-SwiftyChat" */ = {
			isa = XCConfigurationList;
			buildConfigurations = (
				81E0BBF025D1CE6200265168 /* Debug */,
				81E0BBF125D1CE6200265168 /* Release */,
			);
			defaultConfigurationIsVisible = 0;
			defaultConfigurationName = Release;
		};
		81E0BBF225D1CE6200265168 /* Build configuration list for PBXNativeTarget "Todus-SwiftyChatTests" */ = {
			isa = XCConfigurationList;
			buildConfigurations = (
				81E0BBF325D1CE6200265168 /* Debug */,
				81E0BBF425D1CE6200265168 /* Release */,
			);
			defaultConfigurationIsVisible = 0;
			defaultConfigurationName = Release;
		};
		81E0BBF525D1CE6200265168 /* Build configuration list for PBXNativeTarget "Todus-SwiftyChatUITests" */ = {
			isa = XCConfigurationList;
			buildConfigurations = (
				81E0BBF625D1CE6200265168 /* Debug */,
				81E0BBF725D1CE6200265168 /* Release */,
			);
			defaultConfigurationIsVisible = 0;
			defaultConfigurationName = Release;
		};
/* End XCConfigurationList section */
	};
	rootObject = 81E0BBBD25D1CE5F00265168 /* Project object */;
}
